%{
  "abacus": {:hex, :abacus, "2.2.0", "2a7a1e4d35a72d481153f5bba7790a2d30a5cedf463e5be344d6769c9b5d0cba", [:mix], [], "hexpm", "dc89ccbd711986fd10a8e2f11f532b332f8a975c6c5967e4ec6b47b4ba92ff60"},
  "abnf_parsec": {:hex, :abnf_parsec, "2.1.0", "c4e88d5d089f1698297c0daced12be1fb404e6e577ecf261313ebba5477941f9", [:mix], [{:nimble_parsec, "~> 1.4", [hex: :nimble_parsec, repo: "hexpm", optional: false]}], "hexpm", "e0ed6290c7cc7e5020c006d1003520390c9bdd20f7c3f776bd49bfe3c5cd362a"},
  "certifi": {:hex, :certifi, "2.15.0", "0e6e882fcdaaa0a5a9f2b3db55b1394dba07e8d6d9bcad08318fb604c6839712", [:rebar3], [], "hexpm", "b147ed22ce71d72eafdad94f055165c1c182f61a2ff49df28bcc71d1d5b94a60"},
  "crontab": {:hex, :crontab, "1.2.0", "503611820257939d5d0fd272eb2b454f48a470435a809479ddc2c40bb515495c", [:mix], [{:ecto, "~> 1.0 or ~> 2.0 or ~> 3.0", [hex: :ecto, repo: "hexpm", optional: true]}], "hexpm", "ebd7ef4d831e1b20fa4700f0de0284a04cac4347e813337978e25b4cc5cc2207"},
  "deep_merge": {:hex, :deep_merge, "1.0.0", "b4aa1a0d1acac393bdf38b2291af38cb1d4a52806cf7a4906f718e1feb5ee961", [:mix], [], "hexpm", "ce708e5f094b9cd4e8f2be4f00d2f4250c4095be93f8cd6d018c753894885430"},
  "dotenvy": {:hex, :dotenvy, "1.1.1", "00e318f3c51de9fafc4b48598447e386f19204dc18ca69886905bb8f8b08b667", [:mix], [], "hexpm", "c8269471b5701e9e56dc86509c1199ded2b33dce088c3471afcfef7839766d8e"},
  "ex_aws_auth": {:hex, :ex_aws_auth, "1.3.1", "3963992d6f7cb251b53573603c3615cec70c3f4d86199fdb865ff440295ef7a4", [:mix], [{:jason, "~> 1.4", [hex: :jason, repo: "hexpm", optional: true]}, {:req, "~> 0.5", [hex: :req, repo: "hexpm", optional: true]}], "hexpm", "025793aa08fa419aabdb652db60edbdb2e12346bd447988a1bb5854c4dd64903"},
  "finch": {:hex, :finch, "0.21.0", "b1c3b2d48af02d0c66d2a9ebfb5622be5c5ecd62937cf79a88a7f98d48a8290c", [:mix], [{:mime, "~> 1.0 or ~> 2.0", [hex: :mime, repo: "hexpm", optional: false]}, {:mint, "~> 1.6.2 or ~> 1.7", [hex: :mint, repo: "hexpm", optional: false]}, {:nimble_options, "~> 0.4 or ~> 1.0", [hex: :nimble_options, repo: "hexpm", optional: false]}, {:nimble_pool, "~> 1.1", [hex: :nimble_pool, repo: "hexpm", optional: false]}, {:telemetry, "~> 0.4 or ~> 1.0", [hex: :telemetry, repo: "hexpm", optional: false]}], "hexpm", "87dc6e169794cb2570f75841a19da99cfde834249568f2a5b121b809588a4377"},
  "fsmx": {:hex, :fsmx, "0.5.0", "63737a5e864e0c4804ce523abee4cfdc496f35ca523d7633efa384d159b9efa2", [:mix], [{:ecto, ">= 3.0.0", [hex: :ecto, repo: "hexpm", optional: true]}, {:ecto_sql, ">= 3.0.0", [hex: :ecto_sql, repo: "hexpm", optional: true]}], "hexpm", "0351e6e725a60c7a171ca5f93db3cf223e580f52f3491d1bb2a57b4f23b6f8b1"},
  "fuse": {:hex, :fuse, "2.5.0", "71afa90be21da4e64f94abba9d36472faa2d799c67fedc3bd1752a88ea4c4753", [:rebar3], [], "hexpm", "7f52a1c84571731ad3c91d569e03131cc220ebaa7e2a11034405f0bac46a4fef"},
  "hackney": {:hex, :hackney, "1.25.0", "390e9b83f31e5b325b9f43b76e1a785cbdb69b5b6cd4e079aa67835ded046867", [:rebar3], [{:certifi, "~> 2.15.0", [hex: :certifi, repo: "hexpm", optional: false]}, {:idna, "~> 6.1.0", [hex: :idna, repo: "hexpm", optional: false]}, {:metrics, "~> 1.0.0", [hex: :metrics, repo: "hexpm", optional: false]}, {:mimerl, "~> 1.4", [hex: :mimerl, repo: "hexpm", optional: false]}, {:parse_trans, "3.4.1", [hex: :parse_trans, repo: "hexpm", optional: false]}, {:ssl_verify_fun, "~> 1.1.0", [hex: :ssl_verify_fun, repo: "hexpm", optional: false]}, {:unicode_util_compat, "~> 0.7.1", [hex: :unicode_util_compat, repo: "hexpm", optional: false]}], "hexpm", "7209bfd75fd1f42467211ff8f59ea74d6f2a9e81cbcee95a56711ee79fd6b1d4"},
  "hpax": {:hex, :hpax, "1.0.3", "ed67ef51ad4df91e75cc6a1494f851850c0bd98ebc0be6e81b026e765ee535aa", [:mix], [], "hexpm", "8eab6e1cfa8d5918c2ce4ba43588e894af35dbd8e91e6e55c817bca5847df34a"},
  "idna": {:hex, :idna, "6.1.1", "8a63070e9f7d0c62eb9d9fcb360a7de382448200fbbd1b106cc96d3d8099df8d", [:rebar3], [{:unicode_util_compat, "~> 0.7.0", [hex: :unicode_util_compat, repo: "hexpm", optional: false]}], "hexpm", "92376eb7894412ed19ac475e4a86f7b413c1b9fbb5bd16dccd57934157944cea"},
  "jason": {:hex, :jason, "1.4.4", "b9226785a9aa77b6857ca22832cffa5d5011a667207eb2a0ad56adb5db443b8a", [:mix], [{:decimal, "~> 1.0 or ~> 2.0", [hex: :decimal, repo: "hexpm", optional: true]}], "hexpm", "c5eb0cab91f094599f94d55bc63409236a8ec69a21a67814529e8d5f6cc90b3b"},
  "jido": {:hex, :jido, "2.2.0", "055e54a82b468be1ebd0686be030090619549dde0da80f7085602010f68b687a", [:mix], [{:crontab, "~> 1.2", [hex: :crontab, repo: "hexpm", optional: false]}, {:deep_merge, "~> 1.0", [hex: :deep_merge, repo: "hexpm", optional: false]}, {:igniter, "~> 0.7", [hex: :igniter, repo: "hexpm", optional: true]}, {:jason, "~> 1.4", [hex: :jason, repo: "hexpm", optional: false]}, {:jido_action, "~> 2.2", [hex: :jido_action, repo: "hexpm", optional: false]}, {:jido_signal, "~> 2.1", [hex: :jido_signal, repo: "hexpm", optional: false]}, {:nimble_options, "~> 1.1", [hex: :nimble_options, repo: "hexpm", optional: false]}, {:ok, "~> 2.3", [hex: :ok, repo: "hexpm", optional: false]}, {:phoenix_pubsub, "~> 2.1", [hex: :phoenix_pubsub, repo: "hexpm", optional: false]}, {:poolboy, "~> 1.5", [hex: :poolboy, repo: "hexpm", optional: false]}, {:splode, "~> 0.3.0", [hex: :splode, repo: "hexpm", optional: false]}, {:telemetry, "~> 1.3", [hex: :telemetry, repo: "hexpm", optional: false]}, {:telemetry_metrics, "~> 1.1", [hex: :telemetry_metrics, repo: "hexpm", optional: false]}, {:tzdata, "~> 1.1", [hex: :tzdata, repo: "hexpm", optional: false]}, {:uniq, "~> 0.6.1", [hex: :uniq, repo: "hexpm", optional: false]}], "hexpm", "8c244395b5890f1332e6ef126963f6765c7d32ecc39b941fa5db08509d9cbb1e"},
  "jido_action": {:hex, :jido_action, "2.2.1", "edf0fe1ca0ebbcda23520c9f7aa8ccadc338b5b07dd60cb658e2ef1736e896b7", [:mix], [{:abacus, "~> 2.1", [hex: :abacus, repo: "hexpm", optional: false]}, {:igniter, "~> 0.7", [hex: :igniter, repo: "hexpm", optional: true]}, {:jason, "~> 1.4", [hex: :jason, repo: "hexpm", optional: false]}, {:lua, "~> 0.3", [hex: :lua, repo: "hexpm", optional: false]}, {:multigraph, "~> 0.16.1-mg.2", [hex: :multigraph, repo: "hexpm", optional: false]}, {:nimble_options, "~> 1.1", [hex: :nimble_options, repo: "hexpm", optional: false]}, {:private, "~> 0.1.2", [hex: :private, repo: "hexpm", optional: false]}, {:req, "~> 0.5.10", [hex: :req, repo: "hexpm", optional: false]}, {:splode, "~> 0.3.0", [hex: :splode, repo: "hexpm", optional: false]}, {:telemetry, "~> 1.3", [hex: :telemetry, repo: "hexpm", optional: false]}, {:telemetry_metrics, "~> 1.1", [hex: :telemetry_metrics, repo: "hexpm", optional: false]}, {:uniq, "~> 0.6.1", [hex: :uniq, repo: "hexpm", optional: false]}, {:zoi, "~> 0.17", [hex: :zoi, repo: "hexpm", optional: false]}], "hexpm", "db97d3a68ef4c87050c3428d1a7e42bf5fc804905ee003a52ad4887b950b02eb"},
  "jido_ai": {:hex, :jido_ai, "2.1.0", "1bce74c5da8af20cb1a49f21f80212722365a2b4a5a3beae4a8cb025b8b94898", [:mix], [{:fsmx, "~> 0.5", [hex: :fsmx, repo: "hexpm", optional: false]}, {:igniter, "~> 0.7", [hex: :igniter, repo: "hexpm", optional: true]}, {:jason, "~> 1.4", [hex: :jason, repo: "hexpm", optional: false]}, {:jido, "~> 2.2", [hex: :jido, repo: "hexpm", optional: false]}, {:jido_action, "~> 2.2", [hex: :jido_action, repo: "hexpm", optional: false]}, {:nimble_options, "~> 1.1", [hex: :nimble_options, repo: "hexpm", optional: false]}, {:req_llm, "~> 1.9", [hex: :req_llm, repo: "hexpm", optional: false]}, {:splode, "~> 0.3.0", [hex: :splode, repo: "hexpm", optional: false]}, {:yaml_elixir, "~> 2.12", [hex: :yaml_elixir, repo: "hexpm", optional: false]}, {:zoi, "~> 0.17", [hex: :zoi, repo: "hexpm", optional: false]}], "hexpm", "c349223e02efbdedea319c7603e85e027070db0141d4ecddc12f7d3fb2e04dbc"},
  "jido_signal": {:hex, :jido_signal, "2.1.1", "7f9e96984f0ac33c3eb7901fdd9e4abd1296b12bfa282977959103e633be9e86", [:mix], [{:fuse, "~> 2.5", [hex: :fuse, repo: "hexpm", optional: false]}, {:igniter, "~> 0.7", [hex: :igniter, repo: "hexpm", optional: true]}, {:jason, "~> 1.4", [hex: :jason, repo: "hexpm", optional: false]}, {:memento, "~> 0.5.0", [hex: :memento, repo: "hexpm", optional: false]}, {:msgpax, "~> 2.3", [hex: :msgpax, repo: "hexpm", optional: false]}, {:nimble_options, "~> 1.1", [hex: :nimble_options, repo: "hexpm", optional: false]}, {:phoenix_pubsub, "~> 2.1", [hex: :phoenix_pubsub, repo: "hexpm", optional: false]}, {:splode, "~> 0.3.0", [hex: :splode, repo: "hexpm", optional: false]}, {:telemetry, "~> 1.3", [hex: :telemetry, repo: "hexpm", optional: false]}, {:uniq, "~> 0.6.1", [hex: :uniq, repo: "hexpm", optional: false]}, {:zoi, "~> 0.17.1", [hex: :zoi, repo: "hexpm", optional: false]}], "hexpm", "45744ffac00a734a63fddceafb6d447a9e36ae5918adcd467a68f188a29b4320"},
  "jsv": {:hex, :jsv, "0.18.3", "a65e60a21c239f9394e790290c236ae0603a886c98aac5556d498116377a6218", [:mix], [{:abnf_parsec, "~> 2.0", [hex: :abnf_parsec, repo: "hexpm", optional: false]}, {:decimal, "~> 2.0", [hex: :decimal, repo: "hexpm", optional: true]}, {:idna, "~> 6.0 or ~> 7.0", [hex: :idna, repo: "hexpm", optional: false]}, {:jason, "~> 1.0", [hex: :jason, repo: "hexpm", optional: true]}, {:nimble_options, "~> 1.0", [hex: :nimble_options, repo: "hexpm", optional: false]}, {:poison, ">= 3.0.0 and < 7.0.0", [hex: :poison, repo: "hexpm", optional: true]}, {:texture, "~> 0.3", [hex: :texture, repo: "hexpm", optional: false]}], "hexpm", "7326a03a23a13bac1968c060f7410fac4610d850132d65a3fb5fc1a4ba9c9c70"},
  "llm_db": {:hex, :llm_db, "2026.4.7", "a992a15bce62f6a9f6df7b520a1df5bd08330293da4d944e9b52a78de0933117", [:mix], [{:deep_merge, "~> 1.0", [hex: :deep_merge, repo: "hexpm", optional: false]}, {:dotenvy, "~> 1.1", [hex: :dotenvy, repo: "hexpm", optional: false]}, {:igniter, "~> 0.7", [hex: :igniter, repo: "hexpm", optional: true]}, {:jason, "~> 1.4", [hex: :jason, repo: "hexpm", optional: false]}, {:req, "~> 0.5", [hex: :req, repo: "hexpm", optional: false]}, {:toml, "~> 0.7", [hex: :toml, repo: "hexpm", optional: false]}, {:zoi, "~> 0.10", [hex: :zoi, repo: "hexpm", optional: false]}], "hexpm", "133422cb31e46751c2d5639c4b63637414075c8347df465ec1d82dbd0ef634b6"},
  "lua": {:hex, :lua, "0.4.0", "de0f04871fdd133cd13a0662690b4fd3ba7a73ca5857493c4665a0a4251908fe", [:mix], [{:luerl, "~> 1.5.1", [hex: :luerl, repo: "hexpm", optional: false]}], "hexpm", "648e17ab9faa1ab1a788fa58ed608366a7026d0eeaec2f311510c065817c4067"},
  "luerl": {:hex, :luerl, "1.5.1", "f6700420950fc6889137e7a0c11c4a8467dea04a8c23f707a40d83566d14e786", [:rebar3], [], "hexpm", "abf88d849baa0d5dca93b245a8688d4de2ee3d588159bb2faf51e15946509390"},
  "memento": {:hex, :memento, "0.5.0", "9c6943aa9c4c792b19ab2862159e2f7f5b7ec011801e3270b0bf220f15cb6aed", [:mix], [], "hexpm", "f4c2108737640a0e9d3cd2f230f46863d746d5ab333b0ecd28619a2ae330d881"},
  "metrics": {:hex, :metrics, "1.0.1", "25f094dea2cda98213cecc3aeff09e940299d950904393b2a29d191c346a8486", [:rebar3], [], "hexpm", "69b09adddc4f74a40716ae54d140f93beb0fb8978d8636eaded0c31b6f099f16"},
  "mime": {:hex, :mime, "2.0.7", "b8d739037be7cd402aee1ba0306edfdef982687ee7e9859bee6198c1e7e2f128", [:mix], [], "hexpm", "6171188e399ee16023ffc5b76ce445eb6d9672e2e241d2df6050f3c771e80ccd"},
  "mimerl": {:hex, :mimerl, "1.5.0", "f35aca6f23242339b3666e0ac0702379e362b469d0aea167f6cc713547e777ed", [:rebar3], [], "hexpm", "db648ce065bae14ea84ca8b5dd123f42f49417cef693541110bf6f9e9be9ecc4"},
  "mint": {:hex, :mint, "1.7.1", "113fdb2b2f3b59e47c7955971854641c61f378549d73e829e1768de90fc1abf1", [:mix], [{:castore, "~> 0.1.0 or ~> 1.0", [hex: :castore, repo: "hexpm", optional: true]}, {:hpax, "~> 0.1.1 or ~> 0.2.0 or ~> 1.0", [hex: :hpax, repo: "hexpm", optional: false]}], "hexpm", "fceba0a4d0f24301ddee3024ae116df1c3f4bb7a563a731f45fdfeb9d39a231b"},
  "msgpax": {:hex, :msgpax, "2.4.0", "4647575c87cb0c43b93266438242c21f71f196cafa268f45f91498541148c15d", [:mix], [{:plug, "~> 1.0", [hex: :plug, repo: "hexpm", optional: true]}], "hexpm", "ca933891b0e7075701a17507c61642bf6e0407bb244040d5d0a58597a06369d2"},
  "multigraph": {:hex, :multigraph, "0.16.1-mg.3", "08051b7108ad870f24393e6f0c15ac8beb5c527942ed63800ece7fbb771f8c79", [:mix], [], "hexpm", "72897c5c175aa605cf7355b8f73972e8eadc40ebc6ffd43c3e790424a753d468"},
  "nimble_options": {:hex, :nimble_options, "1.1.1", "e3a492d54d85fc3fd7c5baf411d9d2852922f66e69476317787a7b2bb000a61b", [:mix], [], "hexpm", "821b2470ca9442c4b6984882fe9bb0389371b8ddec4d45a9504f00a66f650b44"},
  "nimble_parsec": {:hex, :nimble_parsec, "1.4.2", "8efba0122db06df95bfaa78f791344a89352ba04baedd3849593bfce4d0dc1c6", [:mix], [], "hexpm", "4b21398942dda052b403bbe1da991ccd03a053668d147d53fb8c4e0efe09c973"},
  "nimble_pool": {:hex, :nimble_pool, "1.1.0", "bf9c29fbdcba3564a8b800d1eeb5a3c58f36e1e11d7b7fb2e084a643f645f06b", [:mix], [], "hexpm", "af2e4e6b34197db81f7aad230c1118eac993acc0dae6bc83bac0126d4ae0813a"},
  "ok": {:hex, :ok, "2.3.0", "0a3d513ec9038504dc5359d44e14fc14ef59179e625563a1a144199cdc3a6d30", [:mix], [], "hexpm", "f0347b3f8f115bf347c704184b33cf084f2943771273f2b98a3707a5fa43c4d5"},
  "parse_trans": {:hex, :parse_trans, "3.4.1", "6e6aa8167cb44cc8f39441d05193be6e6f4e7c2946cb2759f015f8c56b76e5ff", [:rebar3], [], "hexpm", "620a406ce75dada827b82e453c19cf06776be266f5a67cff34e1ef2cbb60e49a"},
  "phoenix_pubsub": {:hex, :phoenix_pubsub, "2.2.0", "ff3a5616e1bed6804de7773b92cbccfc0b0f473faf1f63d7daf1206c7aeaaa6f", [:mix], [], "hexpm", "adc313a5bf7136039f63cfd9668fde73bba0765e0614cba80c06ac9460ff3e96"},
  "poolboy": {:hex, :poolboy, "1.5.2", "392b007a1693a64540cead79830443abf5762f5d30cf50bc95cb2c1aaafa006b", [:rebar3], [], "hexpm", "dad79704ce5440f3d5a3681c8590b9dc25d1a561e8f5a9c995281012860901e3"},
  "private": {:hex, :private, "0.1.2", "da4add9f36c3818a9f849840ca43016c8ae7f76d7a46c3b2510f42dcc5632932", [:mix], [], "hexpm", "22ee01c3f450cf8d135da61e10ec59dde006238fab1ea039014791fc8f3ff075"},
  "req": {:hex, :req, "0.5.17", "0096ddd5b0ed6f576a03dde4b158a0c727215b15d2795e59e0916c6971066ede", [:mix], [{:brotli, "~> 0.3.1", [hex: :brotli, repo: "hexpm", optional: true]}, {:ezstd, "~> 1.0", [hex: :ezstd, repo: "hexpm", optional: true]}, {:finch, "~> 0.17", [hex: :finch, repo: "hexpm", optional: false]}, {:jason, "~> 1.0", [hex: :jason, repo: "hexpm", optional: false]}, {:mime, "~> 2.0.6 or ~> 2.1", [hex: :mime, repo: "hexpm", optional: false]}, {:nimble_csv, "~> 1.0", [hex: :nimble_csv, repo: "hexpm", optional: true]}, {:plug, "~> 1.0", [hex: :plug, repo: "hexpm", optional: true]}], "hexpm", "0b8bc6ffdfebbc07968e59d3ff96d52f2202d0536f10fef4dc11dc02a2a43e39"},
  "req_llm": {:hex, :req_llm, "1.10.0", "94e36015f6d8648cd8d5b388e437649a3150eecc2ba265b028a16177eec60fff", [:mix], [{:dotenvy, "~> 1.1", [hex: :dotenvy, repo: "hexpm", optional: false]}, {:ex_aws_auth, "~> 1.3", [hex: :ex_aws_auth, repo: "hexpm", optional: false]}, {:igniter, "~> 0.7", [hex: :igniter, repo: "hexpm", optional: true]}, {:jason, "~> 1.4", [hex: :jason, repo: "hexpm", optional: false]}, {:jsv, "~> 0.11", [hex: :jsv, repo: "hexpm", optional: false]}, {:llm_db, "~> 2026.4.0", [hex: :llm_db, repo: "hexpm", optional: false]}, {:nimble_options, "~> 1.1", [hex: :nimble_options, repo: "hexpm", optional: false]}, {:req, "~> 0.5", [hex: :req, repo: "hexpm", optional: false]}, {:server_sent_events, "~> 0.2", [hex: :server_sent_events, repo: "hexpm", optional: false]}, {:splode, "~> 0.3.0", [hex: :splode, repo: "hexpm", optional: false]}, {:uniq, "~> 0.6", [hex: :uniq, repo: "hexpm", optional: false]}, {:websockex, "~> 0.5.1", [hex: :websockex, repo: "hexpm", optional: false]}, {:zoi, "~> 0.14", [hex: :zoi, repo: "hexpm", optional: false]}], "hexpm", "cd1d50ac50200d17037a0c57044f7b784ad1f8b11a7dd41cd52406e0cb821de7"},
  "server_sent_events": {:hex, :server_sent_events, "0.2.1", "f83b34f01241302a8bf451efc8dde3a36c533d5715463c31c653f3db8695f636", [:mix], [], "hexpm", "c8099ce4f9acd610eb7c8e0f89dba7d5d1c13300ea9884b0bd8662401d3cf96f"},
  "splode": {:hex, :splode, "0.3.1", "9843c54f84f71b7833fec3f0be06c3cfb5be6b35960ee195ea4fad84b1c25030", [:mix], [], "hexpm", "8f2309b6ec2ecbb01435656429ed1d9ed04ba28797a3280c3b0d1217018ecfbd"},
  "ssl_verify_fun": {:hex, :ssl_verify_fun, "1.1.7", "354c321cf377240c7b8716899e182ce4890c5938111a1296add3ec74cf1715df", [:make, :mix, :rebar3], [], "hexpm", "fe4c190e8f37401d30167c8c405eda19469f34577987c76dde613e838bbc67f8"},
  "telemetry": {:hex, :telemetry, "1.4.1", "ab6de178e2b29b58e8256b92b382ea3f590a47152ca3651ea857a6cae05ac423", [:rebar3], [], "hexpm", "2172e05a27531d3d31dd9782841065c50dd5c3c7699d95266b2edd54c2dafa1c"},
  "telemetry_metrics": {:hex, :telemetry_metrics, "1.1.0", "5bd5f3b5637e0abea0426b947e3ce5dd304f8b3bc6617039e2b5a008adc02f8f", [:mix], [{:telemetry, "~> 0.4 or ~> 1.0", [hex: :telemetry, repo: "hexpm", optional: false]}], "hexpm", "e7b79e8ddfde70adb6db8a6623d1778ec66401f366e9a8f5dd0955c56bc8ce67"},
  "texture": {:hex, :texture, "0.3.2", "ca68fc2804ce05ffe33cded85d69b5ebadb0828233227accfe3c574e34fd4e3f", [:mix], [{:abnf_parsec, "~> 2.0", [hex: :abnf_parsec, repo: "hexpm", optional: false]}], "hexpm", "43bb1069d9cf4309ed6f0ff65ade787a76f986b821ab29d1c96b5b5102cb769c"},
  "toml": {:hex, :toml, "0.7.0", "fbcd773caa937d0c7a02c301a1feea25612720ac3fa1ccb8bfd9d30d822911de", [:mix], [], "hexpm", "0690246a2478c1defd100b0c9b89b4ea280a22be9a7b313a8a058a2408a2fa70"},
  "tzdata": {:hex, :tzdata, "1.1.3", "b1cef7bb6de1de90d4ddc25d33892b32830f907e7fc2fccd1e7e22778ab7dfbc", [:mix], [{:hackney, "~> 1.17", [hex: :hackney, repo: "hexpm", optional: false]}], "hexpm", "d4ca85575a064d29d4e94253ee95912edfb165938743dbf002acdf0dcecb0c28"},
  "unicode_util_compat": {:hex, :unicode_util_compat, "0.7.1", "a48703a25c170eedadca83b11e88985af08d35f37c6f664d6dcfb106a97782fc", [:rebar3], [], "hexpm", "b3a917854ce3ae233619744ad1e0102e05673136776fb2fa76234f3e03b23642"},
  "uniq": {:hex, :uniq, "0.6.2", "51846518c037134c08bc5b773468007b155e543d53c8b39bafe95b0af487e406", [:mix], [{:ecto, "~> 3.0", [hex: :ecto, repo: "hexpm", optional: true]}], "hexpm", "95aa2a41ea331ef0a52d8ed12d3e730ef9af9dbc30f40646e6af334fbd7bc0fc"},
  "websockex": {:hex, :websockex, "0.5.1", "9de28d37bbe34f371eb46e29b79c94c94fff79f93c960d842fbf447253558eb4", [:mix], [{:telemetry, "~> 1.0", [hex: :telemetry, repo: "hexpm", optional: false]}], "hexpm", "8ef39576ed56bc3804c9cd8626f8b5d6b5721848d2726c0ccd4f05385a3c9f14"},
  "yamerl": {:hex, :yamerl, "0.10.0", "4ff81fee2f1f6a46f1700c0d880b24d193ddb74bd14ef42cb0bcf46e81ef2f8e", [:rebar3], [], "hexpm", "346adb2963f1051dc837a2364e4acf6eb7d80097c0f53cbdc3046ec8ec4b4e6e"},
  "yaml_elixir": {:hex, :yaml_elixir, "2.12.1", "d74f2d82294651b58dac849c45a82aaea639766797359baff834b64439f6b3f4", [:mix], [{:yamerl, "~> 0.10", [hex: :yamerl, repo: "hexpm", optional: false]}], "hexpm", "d9ac16563c737d55f9bfeed7627489156b91268a3a21cd55c54eb2e335207fed"},
  "zoi": {:hex, :zoi, "0.17.4", "68351d4780b9e1fb27b44d42cb9f42fe50b64352eb3905f9e1fcbb0da856259c", [:mix], [{:decimal, "~> 2.0", [hex: :decimal, repo: "hexpm", optional: true]}, {:phoenix_html, "~> 2.14.2 or ~> 3.0 or ~> 4.1", [hex: :phoenix_html, repo: "hexpm", optional: true]}], "hexpm", "321172341cca8316ee8691ab3fd54b96037bf79446bea7bc0e885c806b8c4b74"},
}
